// !$*UTF8*$!
{
	archiveVersion = 1;
	classes = {
	};
	objectVersion = 46;
	objects = {

/* Begin PBXBuildFile section */
		063410431EAD7B7B00E41951 /* GoogleService-Info.plist in Resources */ = {isa = PBXBuildFile; fileRef = 063410421EAD7B7B00E41951 /* GoogleService-Info.plist */; };
		0691C2A61EA40E2500213C61 /* StudentViewCell.swift in Sources */ = {isa = PBXBuildFile; fileRef = 0691C2A51EA40E2500213C61 /* StudentViewCell.swift */; };
		0691C2A91EA412D800213C61 /* PastMeetingsViewCell.swift in Sources */ = {isa = PBXBuildFile; fileRef = 0691C2A71EA412D800213C61 /* PastMeetingsViewCell.swift */; };
		0691C2AA1EA412D800213C61 /* PastMeetingsViewCell.xib in Resources */ = {isa = PBXBuildFile; fileRef = 0691C2A81EA412D800213C61 /* PastMeetingsViewCell.xib */; };
		24C8F5058C3B348F9F982976 /* Pods_Aluna.framework in Frameworks */ = {isa = PBXBuildFile; fileRef = 7009528AD47AEE3886F0BC74 /* Pods_Aluna.framework */; };
		681085F91EA200F400FB32F0 /* StudentProfileViewController.swift in Sources */ = {isa = PBXBuildFile; fileRef = 681085F81EA200F400FB32F0 /* StudentProfileViewController.swift */; };
		681B5A8B1E9C90500074C27A /* UIFont+Helper.swift in Sources */ = {isa = PBXBuildFile; fileRef = 681B5A8A1E9C90500074C27A /* UIFont+Helper.swift */; };
		681B5A961E9C9BAC0074C27A /* OpenSans-Regular.ttf in Resources */ = {isa = PBXBuildFile; fileRef = 681B5A8D1E9C9B1A0074C27A /* OpenSans-Regular.ttf */; };
		681B5A971E9C9BAF0074C27A /* OpenSans-Semibold.ttf in Resources */ = {isa = PBXBuildFile; fileRef = 681B5A8E1E9C9B1A0074C27A /* OpenSans-Semibold.ttf */; };
		681B5A981E9C9BB10074C27A /* OpenSans-SemiboldItalic.ttf in Resources */ = {isa = PBXBuildFile; fileRef = 681B5A8F1E9C9B1A0074C27A /* OpenSans-SemiboldItalic.ttf */; };
		681B5A991E9C9BB10074C27A /* OpenSans-Bold.ttf in Resources */ = {isa = PBXBuildFile; fileRef = 681B5A901E9C9B1A0074C27A /* OpenSans-Bold.ttf */; };
		681B5A9A1E9C9BB10074C27A /* OpenSans-BoldItalic.ttf in Resources */ = {isa = PBXBuildFile; fileRef = 681B5A911E9C9B1A0074C27A /* OpenSans-BoldItalic.ttf */; };
		681B5A9B1E9C9BB10074C27A /* OpenSans-ExtraBold.ttf in Resources */ = {isa = PBXBuildFile; fileRef = 681B5A921E9C9B1A0074C27A /* OpenSans-ExtraBold.ttf */; };
		681B5A9C1E9C9BB10074C27A /* OpenSans-ExtraBoldItalic.ttf in Resources */ = {isa = PBXBuildFile; fileRef = 681B5A931E9C9B1A0074C27A /* OpenSans-ExtraBoldItalic.ttf */; };
		681B5A9D1E9C9BB10074C27A /* OpenSans-Light.ttf in Resources */ = {isa = PBXBuildFile; fileRef = 681B5A941E9C9B1A0074C27A /* OpenSans-Light.ttf */; };
		681B5A9E1E9C9BB10074C27A /* OpenSans-LightItalic.ttf in Resources */ = {isa = PBXBuildFile; fileRef = 681B5A951E9C9B1A0074C27A /* OpenSans-LightItalic.ttf */; };
		681B5AA01E9C9CBA0074C27A /* UIColor+Helper.swift in Sources */ = {isa = PBXBuildFile; fileRef = 681B5A9F1E9C9CBA0074C27A /* UIColor+Helper.swift */; };
		68392A211EA2F11000F4920F /* MenuHelper.swift in Sources */ = {isa = PBXBuildFile; fileRef = 68392A201EA2F11000F4920F /* MenuHelper.swift */; };
		68392A231EA2F13F00F4920F /* Interactor.swift in Sources */ = {isa = PBXBuildFile; fileRef = 68392A221EA2F13F00F4920F /* Interactor.swift */; };
		68392A251EA2F17700F4920F /* DismissMenuAnimationController.swift in Sources */ = {isa = PBXBuildFile; fileRef = 68392A241EA2F17700F4920F /* DismissMenuAnimationController.swift */; };
		68392A271EA2F20700F4920F /* PresentMenuAnimationController.swift in Sources */ = {isa = PBXBuildFile; fileRef = 68392A261EA2F20700F4920F /* PresentMenuAnimationController.swift */; };
		68392A291EA2F61700F4920F /* MenuViewController.swift in Sources */ = {isa = PBXBuildFile; fileRef = 68392A281EA2F61700F4920F /* MenuViewController.swift */; };
		68392A2B1EA3053600F4920F /* MenuTableViewCell.swift in Sources */ = {isa = PBXBuildFile; fileRef = 68392A2A1EA3053600F4920F /* MenuTableViewCell.swift */; };
		68392A2D1EA3ECD900F4920F /* MeetingTableViewCell.swift in Sources */ = {isa = PBXBuildFile; fileRef = 68392A2C1EA3ECD900F4920F /* MeetingTableViewCell.swift */; };
		68392A2F1EA4002600F4920F /* MeetingNoteTableViewCell.swift in Sources */ = {isa = PBXBuildFile; fileRef = 68392A2E1EA4002600F4920F /* MeetingNoteTableViewCell.swift */; };
		6854E5DB1EB2ECB200EA8889 /* Challenge.swift in Sources */ = {isa = PBXBuildFile; fileRef = 6854E5D81EB2ECB100EA8889 /* Challenge.swift */; };
		6854E5DC1EB2ECB200EA8889 /* Team.swift in Sources */ = {isa = PBXBuildFile; fileRef = 6854E5D91EB2ECB100EA8889 /* Team.swift */; };
		6854E5DD1EB2ECB200EA8889 /* Student.swift in Sources */ = {isa = PBXBuildFile; fileRef = 6854E5DA1EB2ECB200EA8889 /* Student.swift */; };
		6854E5DF1EB2ED4800EA8889 /* API.swift in Sources */ = {isa = PBXBuildFile; fileRef = 6854E5DE1EB2ED4800EA8889 /* API.swift */; };
		687402521EAABBD600232634 /* DailyDoseViewController.swift in Sources */ = {isa = PBXBuildFile; fileRef = 687402511EAABBD600232634 /* DailyDoseViewController.swift */; };
		687402541EAB252A00232634 /* CreateRecapViewController.swift in Sources */ = {isa = PBXBuildFile; fileRef = 687402531EAB252A00232634 /* CreateRecapViewController.swift */; };
		68744B761E9C47B400E346AB /* AppDelegate.swift in Sources */ = {isa = PBXBuildFile; fileRef = 68744B751E9C47B400E346AB /* AppDelegate.swift */; };
		68744B781E9C47B400E346AB /* LoginViewController.swift in Sources */ = {isa = PBXBuildFile; fileRef = 68744B771E9C47B400E346AB /* LoginViewController.swift */; };
		68744B7D1E9C47B400E346AB /* Assets.xcassets in Resources */ = {isa = PBXBuildFile; fileRef = 68744B7C1E9C47B400E346AB /* Assets.xcassets */; };
		68744B801E9C47B400E346AB /* LaunchScreen.storyboard in Resources */ = {isa = PBXBuildFile; fileRef = 68744B7E1E9C47B400E346AB /* LaunchScreen.storyboard */; };
		68AE61A91E9CA1AE0027CFBC /* MainViewController.swift in Sources */ = {isa = PBXBuildFile; fileRef = 68AE61A81E9CA1AE0027CFBC /* MainViewController.swift */; };
		68AE61AB1E9CA4FD0027CFBC /* ScalableButton.swift in Sources */ = {isa = PBXBuildFile; fileRef = 68AE61AA1E9CA4FD0027CFBC /* ScalableButton.swift */; };
/* End PBXBuildFile section */

/* Begin PBXFileReference section */
		063410421EAD7B7B00E41951 /* GoogleService-Info.plist */ = {isa = PBXFileReference; fileEncoding = 4; lastKnownFileType = text.plist.xml; path = "GoogleService-Info.plist"; sourceTree = "<group>"; };
		0691C2A51EA40E2500213C61 /* StudentViewCell.swift */ = {isa = PBXFileReference; fileEncoding = 4; lastKnownFileType = sourcecode.swift; path = StudentViewCell.swift; sourceTree = "<group>"; };
		0691C2A71EA412D800213C61 /* PastMeetingsViewCell.swift */ = {isa = PBXFileReference; fileEncoding = 4; lastKnownFileType = sourcecode.swift; path = PastMeetingsViewCell.swift; sourceTree = "<group>"; };
		0691C2A81EA412D800213C61 /* PastMeetingsViewCell.xib */ = {isa = PBXFileReference; fileEncoding = 4; lastKnownFileType = file.xib; path = PastMeetingsViewCell.xib; sourceTree = "<group>"; };
		681085F81EA200F400FB32F0 /* StudentProfileViewController.swift */ = {isa = PBXFileReference; fileEncoding = 4; lastKnownFileType = sourcecode.swift; path = StudentProfileViewController.swift; sourceTree = "<group>"; };
		681B5A8A1E9C90500074C27A /* UIFont+Helper.swift */ = {isa = PBXFileReference; fileEncoding = 4; lastKnownFileType = sourcecode.swift; name = "UIFont+Helper.swift"; path = "../../aluna/Aluna/UIFont+Helper.swift"; sourceTree = "<group>"; };
		681B5A8D1E9C9B1A0074C27A /* OpenSans-Regular.ttf */ = {isa = PBXFileReference; lastKnownFileType = file; path = "OpenSans-Regular.ttf"; sourceTree = "<group>"; };
		681B5A8E1E9C9B1A0074C27A /* OpenSans-Semibold.ttf */ = {isa = PBXFileReference; lastKnownFileType = file; path = "OpenSans-Semibold.ttf"; sourceTree = "<group>"; };
		681B5A8F1E9C9B1A0074C27A /* OpenSans-SemiboldItalic.ttf */ = {isa = PBXFileReference; lastKnownFileType = file; path = "OpenSans-SemiboldItalic.ttf"; sourceTree = "<group>"; };
		681B5A901E9C9B1A0074C27A /* OpenSans-Bold.ttf */ = {isa = PBXFileReference; lastKnownFileType = file; path = "OpenSans-Bold.ttf"; sourceTree = "<group>"; };
		681B5A911E9C9B1A0074C27A /* OpenSans-BoldItalic.ttf */ = {isa = PBXFileReference; lastKnownFileType = file; path = "OpenSans-BoldItalic.ttf"; sourceTree = "<group>"; };
		681B5A921E9C9B1A0074C27A /* OpenSans-ExtraBold.ttf */ = {isa = PBXFileReference; lastKnownFileType = file; path = "OpenSans-ExtraBold.ttf"; sourceTree = "<group>"; };
		681B5A931E9C9B1A0074C27A /* OpenSans-ExtraBoldItalic.ttf */ = {isa = PBXFileReference; lastKnownFileType = file; path = "OpenSans-ExtraBoldItalic.ttf"; sourceTree = "<group>"; };
		681B5A941E9C9B1A0074C27A /* OpenSans-Light.ttf */ = {isa = PBXFileReference; lastKnownFileType = file; path = "OpenSans-Light.ttf"; sourceTree = "<group>"; };
		681B5A951E9C9B1A0074C27A /* OpenSans-LightItalic.ttf */ = {isa = PBXFileReference; lastKnownFileType = file; path = "OpenSans-LightItalic.ttf"; sourceTree = "<group>"; };
		681B5A9F1E9C9CBA0074C27A /* UIColor+Helper.swift */ = {isa = PBXFileReference; fileEncoding = 4; lastKnownFileType = sourcecode.swift; path = "UIColor+Helper.swift"; sourceTree = "<group>"; };
		68392A201EA2F11000F4920F /* MenuHelper.swift */ = {isa = PBXFileReference; fileEncoding = 4; lastKnownFileType = sourcecode.swift; path = MenuHelper.swift; sourceTree = "<group>"; };
		68392A221EA2F13F00F4920F /* Interactor.swift */ = {isa = PBXFileReference; fileEncoding = 4; lastKnownFileType = sourcecode.swift; path = Interactor.swift; sourceTree = "<group>"; };
		68392A241EA2F17700F4920F /* DismissMenuAnimationController.swift */ = {isa = PBXFileReference; fileEncoding = 4; lastKnownFileType = sourcecode.swift; path = DismissMenuAnimationController.swift; sourceTree = "<group>"; };
		68392A261EA2F20700F4920F /* PresentMenuAnimationController.swift */ = {isa = PBXFileReference; fileEncoding = 4; lastKnownFileType = sourcecode.swift; path = PresentMenuAnimationController.swift; sourceTree = "<group>"; };
		68392A281EA2F61700F4920F /* MenuViewController.swift */ = {isa = PBXFileReference; fileEncoding = 4; lastKnownFileType = sourcecode.swift; path = MenuViewController.swift; sourceTree = "<group>"; };
		68392A2A1EA3053600F4920F /* MenuTableViewCell.swift */ = {isa = PBXFileReference; fileEncoding = 4; lastKnownFileType = sourcecode.swift; path = MenuTableViewCell.swift; sourceTree = "<group>"; };
		68392A2C1EA3ECD900F4920F /* MeetingTableViewCell.swift */ = {isa = PBXFileReference; fileEncoding = 4; lastKnownFileType = sourcecode.swift; path = MeetingTableViewCell.swift; sourceTree = "<group>"; };
		68392A2E1EA4002600F4920F /* MeetingNoteTableViewCell.swift */ = {isa = PBXFileReference; fileEncoding = 4; lastKnownFileType = sourcecode.swift; path = MeetingNoteTableViewCell.swift; sourceTree = "<group>"; };
		6854E5D81EB2ECB100EA8889 /* Challenge.swift */ = {isa = PBXFileReference; fileEncoding = 4; lastKnownFileType = sourcecode.swift; path = Challenge.swift; sourceTree = "<group>"; };
		6854E5D91EB2ECB100EA8889 /* Team.swift */ = {isa = PBXFileReference; fileEncoding = 4; lastKnownFileType = sourcecode.swift; path = Team.swift; sourceTree = "<group>"; };
		6854E5DA1EB2ECB200EA8889 /* Student.swift */ = {isa = PBXFileReference; fileEncoding = 4; lastKnownFileType = sourcecode.swift; path = Student.swift; sourceTree = "<group>"; };
		6854E5DE1EB2ED4800EA8889 /* API.swift */ = {isa = PBXFileReference; fileEncoding = 4; lastKnownFileType = sourcecode.swift; path = API.swift; sourceTree = "<group>"; };
		687402511EAABBD600232634 /* DailyDoseViewController.swift */ = {isa = PBXFileReference; fileEncoding = 4; lastKnownFileType = sourcecode.swift; path = DailyDoseViewController.swift; sourceTree = "<group>"; };
		687402531EAB252A00232634 /* CreateRecapViewController.swift */ = {isa = PBXFileReference; fileEncoding = 4; lastKnownFileType = sourcecode.swift; path = CreateRecapViewController.swift; sourceTree = "<group>"; };
		68744B721E9C47B400E346AB /* Aluna.app */ = {isa = PBXFileReference; explicitFileType = wrapper.application; includeInIndex = 0; path = Aluna.app; sourceTree = BUILT_PRODUCTS_DIR; };
		68744B751E9C47B400E346AB /* AppDelegate.swift */ = {isa = PBXFileReference; lastKnownFileType = sourcecode.swift; path = AppDelegate.swift; sourceTree = "<group>"; };
		68744B771E9C47B400E346AB /* LoginViewController.swift */ = {isa = PBXFileReference; lastKnownFileType = sourcecode.swift; path = LoginViewController.swift; sourceTree = "<group>"; };
		68744B7C1E9C47B400E346AB /* Assets.xcassets */ = {isa = PBXFileReference; lastKnownFileType = folder.assetcatalog; path = Assets.xcassets; sourceTree = "<group>"; };
		68744B7F1E9C47B400E346AB /* Base */ = {isa = PBXFileReference; lastKnownFileType = file.storyboard; name = Base; path = Base.lproj/LaunchScreen.storyboard; sourceTree = "<group>"; };
		68744B811E9C47B400E346AB /* Info.plist */ = {isa = PBXFileReference; lastKnownFileType = text.plist.xml; path = Info.plist; sourceTree = "<group>"; };
		68AE61A81E9CA1AE0027CFBC /* MainViewController.swift */ = {isa = PBXFileReference; fileEncoding = 4; lastKnownFileType = sourcecode.swift; path = MainViewController.swift; sourceTree = "<group>"; };
		68AE61AA1E9CA4FD0027CFBC /* ScalableButton.swift */ = {isa = PBXFileReference; fileEncoding = 4; lastKnownFileType = sourcecode.swift; path = ScalableButton.swift; sourceTree = "<group>"; };
		7009528AD47AEE3886F0BC74 /* Pods_Aluna.framework */ = {isa = PBXFileReference; explicitFileType = wrapper.framework; includeInIndex = 0; path = Pods_Aluna.framework; sourceTree = BUILT_PRODUCTS_DIR; };
		9204C073BDAEBAF106D48998 /* Pods-Aluna.debug.xcconfig */ = {isa = PBXFileReference; includeInIndex = 1; lastKnownFileType = text.xcconfig; name = "Pods-Aluna.debug.xcconfig"; path = "Pods/Target Support Files/Pods-Aluna/Pods-Aluna.debug.xcconfig"; sourceTree = "<group>"; };
		D563DAEBAC22B654692D8995 /* Pods-Aluna.release.xcconfig */ = {isa = PBXFileReference; includeInIndex = 1; lastKnownFileType = text.xcconfig; name = "Pods-Aluna.release.xcconfig"; path = "Pods/Target Support Files/Pods-Aluna/Pods-Aluna.release.xcconfig"; sourceTree = "<group>"; };
/* End PBXFileReference section */

/* Begin PBXFrameworksBuildPhase section */
		68744B6F1E9C47B400E346AB /* Frameworks */ = {
			isa = PBXFrameworksBuildPhase;
			buildActionMask = 2147483647;
			files = (
				24C8F5058C3B348F9F982976 /* Pods_Aluna.framework in Frameworks */,
			);
			runOnlyForDeploymentPostprocessing = 0;
		};
/* End PBXFrameworksBuildPhase section */

/* Begin PBXGroup section */
		5DE9CCF4CEE73CB4011A7B46 /* Pods */ = {
			isa = PBXGroup;
			children = (
				9204C073BDAEBAF106D48998 /* Pods-Aluna.debug.xcconfig */,
				D563DAEBAC22B654692D8995 /* Pods-Aluna.release.xcconfig */,
			);
			name = Pods;
			sourceTree = "<group>";
		};
		681B5A891E9C902B0074C27A /* Helpers */ = {
			isa = PBXGroup;
			children = (
				681B5A8A1E9C90500074C27A /* UIFont+Helper.swift */,
				681B5A9F1E9C9CBA0074C27A /* UIColor+Helper.swift */,
			);
			name = Helpers;
			sourceTree = "<group>";
		};
		681B5A8C1E9C9AFE0074C27A /* Fonts */ = {
			isa = PBXGroup;
			children = (
				681B5A8D1E9C9B1A0074C27A /* OpenSans-Regular.ttf */,
				681B5A8E1E9C9B1A0074C27A /* OpenSans-Semibold.ttf */,
				681B5A8F1E9C9B1A0074C27A /* OpenSans-SemiboldItalic.ttf */,
				681B5A901E9C9B1A0074C27A /* OpenSans-Bold.ttf */,
				681B5A911E9C9B1A0074C27A /* OpenSans-BoldItalic.ttf */,
				681B5A921E9C9B1A0074C27A /* OpenSans-ExtraBold.ttf */,
				681B5A931E9C9B1A0074C27A /* OpenSans-ExtraBoldItalic.ttf */,
				681B5A941E9C9B1A0074C27A /* OpenSans-Light.ttf */,
				681B5A951E9C9B1A0074C27A /* OpenSans-LightItalic.ttf */,
			);
			name = Fonts;
			sourceTree = "<group>";
		};
		68392A1F1EA2F0F900F4920F /* Animators */ = {
			isa = PBXGroup;
			children = (
				68392A261EA2F20700F4920F /* PresentMenuAnimationController.swift */,
				68392A241EA2F17700F4920F /* DismissMenuAnimationController.swift */,
				68392A201EA2F11000F4920F /* MenuHelper.swift */,
				68392A221EA2F13F00F4920F /* Interactor.swift */,
			);
			name = Animators;
			sourceTree = "<group>";
		};
		6854E5D51EB2E59100EA8889 /* Model */ = {
			isa = PBXGroup;
			children = (
				6854E5DE1EB2ED4800EA8889 /* API.swift */,
				6854E5DA1EB2ECB200EA8889 /* Student.swift */,
				6854E5D81EB2ECB100EA8889 /* Challenge.swift */,
				6854E5D91EB2ECB100EA8889 /* Team.swift */,
			);
			name = Model;
			sourceTree = "<group>";
		};
		68744B691E9C47B400E346AB = {
			isa = PBXGroup;
			children = (
				68744B741E9C47B400E346AB /* Aluna */,
				68744B731E9C47B400E346AB /* Products */,
				5DE9CCF4CEE73CB4011A7B46 /* Pods */,
				EB89E8B8FE6B4E7AE24EDCE6 /* Frameworks */,
			);
			sourceTree = "<group>";
		};
		68744B731E9C47B400E346AB /* Products */ = {
			isa = PBXGroup;
			children = (
				68744B721E9C47B400E346AB /* Aluna.app */,
			);
			name = Products;
			sourceTree = "<group>";
		};
		68744B741E9C47B400E346AB /* Aluna */ = {
			isa = PBXGroup;
			children = (
				68744B871E9C839300E346AB /* Supporting Files */,
				68744B881E9C840400E346AB /* View Controllers */,
				6854E5D51EB2E59100EA8889 /* Model */,
				681B5A891E9C902B0074C27A /* Helpers */,
			);
			path = Aluna;
			sourceTree = "<group>";
		};
		68744B871E9C839300E346AB /* Supporting Files */ = {
			isa = PBXGroup;
			children = (
				68744B751E9C47B400E346AB /* AppDelegate.swift */,
				68744B7E1E9C47B400E346AB /* LaunchScreen.storyboard */,
				68744B7C1E9C47B400E346AB /* Assets.xcassets */,
				681B5A8C1E9C9AFE0074C27A /* Fonts */,
				68744B811E9C47B400E346AB /* Info.plist */,
				063410421EAD7B7B00E41951 /* GoogleService-Info.plist */,
			);
			name = "Supporting Files";
			sourceTree = "<group>";
		};
		68744B881E9C840400E346AB /* View Controllers */ = {
			isa = PBXGroup;
			children = (
				68744B771E9C47B400E346AB /* LoginViewController.swift */,
				68AE61A81E9CA1AE0027CFBC /* MainViewController.swift */,
				681085F81EA200F400FB32F0 /* StudentProfileViewController.swift */,
				68392A281EA2F61700F4920F /* MenuViewController.swift */,
				687402511EAABBD600232634 /* DailyDoseViewController.swift */,
				687402531EAB252A00232634 /* CreateRecapViewController.swift */,
				68392A1F1EA2F0F900F4920F /* Animators */,
				68AE61AC1E9CA53C0027CFBC /* Custom Views */,
			);
			name = "View Controllers";
			sourceTree = "<group>";
		};
		68AE61AC1E9CA53C0027CFBC /* Custom Views */ = {
			isa = PBXGroup;
			children = (
				68392A2C1EA3ECD900F4920F /* MeetingTableViewCell.swift */,
				0691C2A51EA40E2500213C61 /* StudentViewCell.swift */,
				0691C2A71EA412D800213C61 /* PastMeetingsViewCell.swift */,
				0691C2A81EA412D800213C61 /* PastMeetingsViewCell.xib */,
				68392A2E1EA4002600F4920F /* MeetingNoteTableViewCell.swift */,
				68392A2A1EA3053600F4920F /* MenuTableViewCell.swift */,
				68AE61AA1E9CA4FD0027CFBC /* ScalableButton.swift */,
			);
			name = "Custom Views";
			sourceTree = "<group>";
		};
		EB89E8B8FE6B4E7AE24EDCE6 /* Frameworks */ = {
			isa = PBXGroup;
			children = (
				7009528AD47AEE3886F0BC74 /* Pods_Aluna.framework */,
			);
			name = Frameworks;
			sourceTree = "<group>";
		};
/* End PBXGroup section */

/* Begin PBXNativeTarget section */
		68744B711E9C47B400E346AB /* Aluna */ = {
			isa = PBXNativeTarget;
			buildConfigurationList = 68744B841E9C47B400E346AB /* Build configuration list for PBXNativeTarget "Aluna" */;
			buildPhases = (
				91F4B6A14A10A0EADEAC8861 /* [CP] Check Pods Manifest.lock */,
				68744B6E1E9C47B400E346AB /* Sources */,
				68744B6F1E9C47B400E346AB /* Frameworks */,
				68744B701E9C47B400E346AB /* Resources */,
				9B14410D1C4C8198F7D4D4F4 /* [CP] Embed Pods Frameworks */,
				0C6765644A4E72ACE732B01E /* [CP] Copy Pods Resources */,
			);
			buildRules = (
			);
			dependencies = (
			);
			name = Aluna;
			productName = Aluna;
			productReference = 68744B721E9C47B400E346AB /* Aluna.app */;
			productType = "com.apple.product-type.application";
		};
/* End PBXNativeTarget section */

/* Begin PBXProject section */
		68744B6A1E9C47B400E346AB /* Project object */ = {
			isa = PBXProject;
			attributes = {
				LastSwiftUpdateCheck = 0830;
				LastUpgradeCheck = 0830;
				ORGANIZATIONNAME = Aluna;
				TargetAttributes = {
					68744B711E9C47B400E346AB = {
						CreatedOnToolsVersion = 8.3;
						DevelopmentTeam = TLAM246JYZ;
						ProvisioningStyle = Automatic;
					};
				};
			};
			buildConfigurationList = 68744B6D1E9C47B400E346AB /* Build configuration list for PBXProject "Aluna" */;
			compatibilityVersion = "Xcode 3.2";
			developmentRegion = English;
			hasScannedForEncodings = 0;
			knownRegions = (
				en,
				Base,
			);
			mainGroup = 68744B691E9C47B400E346AB;
			productRefGroup = 68744B731E9C47B400E346AB /* Products */;
			projectDirPath = "";
			projectRoot = "";
			targets = (
				68744B711E9C47B400E346AB /* Aluna */,
			);
		};
/* End PBXProject section */

/* Begin PBXResourcesBuildPhase section */
		68744B701E9C47B400E346AB /* Resources */ = {
			isa = PBXResourcesBuildPhase;
			buildActionMask = 2147483647;
			files = (
				063410431EAD7B7B00E41951 /* GoogleService-Info.plist in Resources */,
				681B5A971E9C9BAF0074C27A /* OpenSans-Semibold.ttf in Resources */,
				681B5A9C1E9C9BB10074C27A /* OpenSans-ExtraBoldItalic.ttf in Resources */,
				681B5A981E9C9BB10074C27A /* OpenSans-SemiboldItalic.ttf in Resources */,
				681B5A991E9C9BB10074C27A /* OpenSans-Bold.ttf in Resources */,
				681B5A9B1E9C9BB10074C27A /* OpenSans-ExtraBold.ttf in Resources */,
				681B5A9E1E9C9BB10074C27A /* OpenSans-LightItalic.ttf in Resources */,
				681B5A9A1E9C9BB10074C27A /* OpenSans-BoldItalic.ttf in Resources */,
				68744B801E9C47B400E346AB /* LaunchScreen.storyboard in Resources */,
				0691C2AA1EA412D800213C61 /* PastMeetingsViewCell.xib in Resources */,
				681B5A961E9C9BAC0074C27A /* OpenSans-Regular.ttf in Resources */,
				681B5A9D1E9C9BB10074C27A /* OpenSans-Light.ttf in Resources */,
				68744B7D1E9C47B400E346AB /* Assets.xcassets in Resources */,
			);
			runOnlyForDeploymentPostprocessing = 0;
		};
/* End PBXResourcesBuildPhase section */

/* Begin PBXShellScriptBuildPhase section */
		0C6765644A4E72ACE732B01E /* [CP] Copy Pods Resources */ = {
			isa = PBXShellScriptBuildPhase;
			buildActionMask = 2147483647;
			files = (
			);
			inputPaths = (
			);
			name = "[CP] Copy Pods Resources";
			outputPaths = (
			);
			runOnlyForDeploymentPostprocessing = 0;
			shellPath = /bin/sh;
			shellScript = "\"${SRCROOT}/Pods/Target Support Files/Pods-Aluna/Pods-Aluna-resources.sh\"\n";
			showEnvVarsInLog = 0;
		};
		91F4B6A14A10A0EADEAC8861 /* [CP] Check Pods Manifest.lock */ = {
			isa = PBXShellScriptBuildPhase;
			buildActionMask = 2147483647;
			files = (
			);
			inputPaths = (
			);
			name = "[CP] Check Pods Manifest.lock";
			outputPaths = (
			);
			runOnlyForDeploymentPostprocessing = 0;
			shellPath = /bin/sh;
			shellScript = "diff \"${PODS_PODFILE_DIR_PATH}/Podfile.lock\" \"${PODS_ROOT}/Manifest.lock\" > /dev/null\nif [ $? != 0 ] ; then\n    # print error to STDERR\n    echo \"error: The sandbox is not in sync with the Podfile.lock. Run 'pod install' or update your CocoaPods installation.\" >&2\n    exit 1\nfi\n";
			showEnvVarsInLog = 0;
		};
		9B14410D1C4C8198F7D4D4F4 /* [CP] Embed Pods Frameworks */ = {
			isa = PBXShellScriptBuildPhase;
			buildActionMask = 2147483647;
			files = (
			);
			inputPaths = (
			);
			name = "[CP] Embed Pods Frameworks";
			outputPaths = (
			);
			runOnlyForDeploymentPostprocessing = 0;
			shellPath = /bin/sh;
			shellScript = "\"${SRCROOT}/Pods/Target Support Files/Pods-Aluna/Pods-Aluna-frameworks.sh\"\n";
			showEnvVarsInLog = 0;
		};
/* End PBXShellScriptBuildPhase section */

/* Begin PBXSourcesBuildPhase section */
		68744B6E1E9C47B400E346AB /* Sources */ = {
			isa = PBXSourcesBuildPhase;
			buildActionMask = 2147483647;
			files = (
				68392A271EA2F20700F4920F /* PresentMenuAnimationController.swift in Sources */,
				0691C2A61EA40E2500213C61 /* StudentViewCell.swift in Sources */,
				68392A211EA2F11000F4920F /* MenuHelper.swift in Sources */,
				68AE61AB1E9CA4FD0027CFBC /* ScalableButton.swift in Sources */,
				0691C2A91EA412D800213C61 /* PastMeetingsViewCell.swift in Sources */,
				687402541EAB252A00232634 /* CreateRecapViewController.swift in Sources */,
				68744B781E9C47B400E346AB /* LoginViewController.swift in Sources */,
				6854E5DB1EB2ECB200EA8889 /* Challenge.swift in Sources */,
				6854E5DC1EB2ECB200EA8889 /* Team.swift in Sources */,
				68392A231EA2F13F00F4920F /* Interactor.swift in Sources */,
				687402521EAABBD600232634 /* DailyDoseViewController.swift in Sources */,
				681B5AA01E9C9CBA0074C27A /* UIColor+Helper.swift in Sources */,
				68744B761E9C47B400E346AB /* AppDelegate.swift in Sources */,
				68392A2F1EA4002600F4920F /* MeetingNoteTableViewCell.swift in Sources */,
				68392A291EA2F61700F4920F /* MenuViewController.swift in Sources */,
				6854E5DF1EB2ED4800EA8889 /* API.swift in Sources */,
				68392A251EA2F17700F4920F /* DismissMenuAnimationController.swift in Sources */,
				68392A2D1EA3ECD900F4920F /* MeetingTableViewCell.swift in Sources */,
				68392A2B1EA3053600F4920F /* MenuTableViewCell.swift in Sources */,
				681B5A8B1E9C90500074C27A /* UIFont+Helper.swift in Sources */,
				681085F91EA200F400FB32F0 /* StudentProfileViewController.swift in Sources */,
				68AE61A91E9CA1AE0027CFBC /* MainViewController.swift in Sources */,
				6854E5DD1EB2ECB200EA8889 /* Student.swift in Sources */,
			);
			runOnlyForDeploymentPostprocessing = 0;
		};
/* End PBXSourcesBuildPhase section */

/* Begin PBXVariantGroup section */
		68744B7E1E9C47B400E346AB /* LaunchScreen.storyboard */ = {
			isa = PBXVariantGroup;
			children = (
				68744B7F1E9C47B400E346AB /* Base */,
			);
			name = LaunchScreen.storyboard;
			sourceTree = "<group>";
		};
/* End PBXVariantGroup section */

/* Begin XCBuildConfiguration section */
		68744B821E9C47B400E346AB /* Debug */ = {
			isa = XCBuildConfiguration;
			buildSettings = {
				ALWAYS_EMBED_SWIFT_STANDARD_LIBRARIES = NO;
				ALWAYS_SEARCH_USER_PATHS = NO;
				CLANG_ANALYZER_NONNULL = YES;
				CLANG_ANALYZER_NUMBER_OBJECT_CONVERSION = YES_AGGRESSIVE;
				CLANG_CXX_LANGUAGE_STANDARD = "gnu++0x";
				CLANG_CXX_LIBRARY = "libc++";
				CLANG_ENABLE_MODULES = YES;
				CLANG_ENABLE_OBJC_ARC = YES;
				CLANG_WARN_BOOL_CONVERSION = YES;
				CLANG_WARN_CONSTANT_CONVERSION = YES;
				CLANG_WARN_DIRECT_OBJC_ISA_USAGE = YES_ERROR;
				CLANG_WARN_DOCUMENTATION_COMMENTS = YES;
				CLANG_WARN_EMPTY_BODY = YES;
				CLANG_WARN_ENUM_CONVERSION = YES;
				CLANG_WARN_INFINITE_RECURSION = YES;
				CLANG_WARN_INT_CONVERSION = YES;
				CLANG_WARN_OBJC_ROOT_CLASS = YES_ERROR;
				CLANG_WARN_SUSPICIOUS_MOVE = YES;
				CLANG_WARN_UNREACHABLE_CODE = YES;
				CLANG_WARN__DUPLICATE_METHOD_MATCH = YES;
				"CODE_SIGN_IDENTITY[sdk=iphoneos*]" = "iPhone Developer";
				COPY_PHASE_STRIP = NO;
				DEBUG_INFORMATION_FORMAT = dwarf;
				ENABLE_STRICT_OBJC_MSGSEND = YES;
				ENABLE_TESTABILITY = YES;
				GCC_C_LANGUAGE_STANDARD = gnu99;
				GCC_DYNAMIC_NO_PIC = NO;
				GCC_NO_COMMON_BLOCKS = YES;
				GCC_OPTIMIZATION_LEVEL = 0;
				GCC_PREPROCESSOR_DEFINITIONS = (
					"DEBUG=1",
					"$(inherited)",
				);
				GCC_WARN_64_TO_32_BIT_CONVERSION = YES;
				GCC_WARN_ABOUT_RETURN_TYPE = YES_ERROR;
				GCC_WARN_UNDECLARED_SELECTOR = YES;
				GCC_WARN_UNINITIALIZED_AUTOS = YES_AGGRESSIVE;
				GCC_WARN_UNUSED_FUNCTION = YES;
				GCC_WARN_UNUSED_VARIABLE = YES;
				IPHONEOS_DEPLOYMENT_TARGET = 10.3;
				MTL_ENABLE_DEBUG_INFO = YES;
				ONLY_ACTIVE_ARCH = YES;
				SDKROOT = iphoneos;
				SWIFT_ACTIVE_COMPILATION_CONDITIONS = DEBUG;
				SWIFT_OPTIMIZATION_LEVEL = "-Onone";
			};
			name = Debug;
		};
		68744B831E9C47B400E346AB /* Release */ = {
			isa = XCBuildConfiguration;
			buildSettings = {
				ALWAYS_EMBED_SWIFT_STANDARD_LIBRARIES = NO;
				ALWAYS_SEARCH_USER_PATHS = NO;
				CLANG_ANALYZER_NONNULL = YES;
				CLANG_ANALYZER_NUMBER_OBJECT_CONVERSION = YES_AGGRESSIVE;
				CLANG_CXX_LANGUAGE_STANDARD = "gnu++0x";
				CLANG_CXX_LIBRARY = "libc++";
				CLANG_ENABLE_MODULES = YES;
				CLANG_ENABLE_OBJC_ARC = YES;
				CLANG_WARN_BOOL_CONVERSION = YES;
				CLANG_WARN_CONSTANT_CONVERSION = YES;
				CLANG_WARN_DIRECT_OBJC_ISA_USAGE = YES_ERROR;
				CLANG_WARN_DOCUMENTATION_COMMENTS = YES;
				CLANG_WARN_EMPTY_BODY = YES;
				CLANG_WARN_ENUM_CONVERSION = YES;
				CLANG_WARN_INFINITE_RECURSION = YES;
				CLANG_WARN_INT_CONVERSION = YES;
				CLANG_WARN_OBJC_ROOT_CLASS = YES_ERROR;
				CLANG_WARN_SUSPICIOUS_MOVE = YES;
				CLANG_WARN_UNREACHABLE_CODE = YES;
				CLANG_WARN__DUPLICATE_METHOD_MATCH = YES;
				"CODE_SIGN_IDENTITY[sdk=iphoneos*]" = "iPhone Developer";
				COPY_PHASE_STRIP = NO;
				DEBUG_INFORMATION_FORMAT = "dwarf-with-dsym";
				ENABLE_NS_ASSERTIONS = NO;
				ENABLE_STRICT_OBJC_MSGSEND = YES;
				GCC_C_LANGUAGE_STANDARD = gnu99;
				GCC_NO_COMMON_BLOCKS = YES;
				GCC_WARN_64_TO_32_BIT_CONVERSION = YES;
				GCC_WARN_ABOUT_RETURN_TYPE = YES_ERROR;
				GCC_WARN_UNDECLARED_SELECTOR = YES;
				GCC_WARN_UNINITIALIZED_AUTOS = YES_AGGRESSIVE;
				GCC_WARN_UNUSED_FUNCTION = YES;
				GCC_WARN_UNUSED_VARIABLE = YES;
				IPHONEOS_DEPLOYMENT_TARGET = 10.3;
				MTL_ENABLE_DEBUG_INFO = NO;
				SDKROOT = iphoneos;
				SWIFT_OPTIMIZATION_LEVEL = "-Owholemodule";
				VALIDATE_PRODUCT = YES;
			};
			name = Release;
		};
		68744B851E9C47B400E346AB /* Debug */ = {
			isa = XCBuildConfiguration;
			baseConfigurationReference = 9204C073BDAEBAF106D48998 /* Pods-Aluna.debug.xcconfig */;
			buildSettings = {
				ALWAYS_EMBED_SWIFT_STANDARD_LIBRARIES = YES;
				ASSETCATALOG_COMPILER_APPICON_NAME = AppIcon;
				DEVELOPMENT_TEAM = TLAM246JYZ;
				INFOPLIST_FILE = Aluna/Info.plist;
				LD_RUNPATH_SEARCH_PATHS = "$(inherited) @executable_path/Frameworks";
				PRODUCT_BUNDLE_IDENTIFIER = com.example.Aluna;
				PRODUCT_NAME = "$(TARGET_NAME)";
				SWIFT_VERSION = 3.0;
			};
			name = Debug;
		};
		68744B861E9C47B400E346AB /* Release */ = {
			isa = XCBuildConfiguration;
			baseConfigurationReference = D563DAEBAC22B654692D8995 /* Pods-Aluna.release.xcconfig */;
			buildSettings = {
				ALWAYS_EMBED_SWIFT_STANDARD_LIBRARIES = YES;
				ASSETCATALOG_COMPILER_APPICON_NAME = AppIcon;
				DEVELOPMENT_TEAM = TLAM246JYZ;
				INFOPLIST_FILE = Aluna/Info.plist;
				LD_RUNPATH_SEARCH_PATHS = "$(inherited) @executable_path/Frameworks";
				PRODUCT_BUNDLE_IDENTIFIER = com.example.Aluna;
				PRODUCT_NAME = "$(TARGET_NAME)";
				SWIFT_VERSION = 3.0;
			};
			name = Release;
		};
/* End XCBuildConfiguration section */

/* Begin XCConfigurationList section */
		68744B6D1E9C47B400E346AB /* Build configuration list for PBXProject "Aluna" */ = {
			isa = XCConfigurationList;
			buildConfigurations = (
				68744B821E9C47B400E346AB /* Debug */,
				68744B831E9C47B400E346AB /* Release */,
			);
			defaultConfigurationIsVisible = 0;
			defaultConfigurationName = Release;
		};
		68744B841E9C47B400E346AB /* Build configuration list for PBXNativeTarget "Aluna" */ = {
			isa = XCConfigurationList;
			buildConfigurations = (
				68744B851E9C47B400E346AB /* Debug */,
				68744B861E9C47B400E346AB /* Release */,
			);
			defaultConfigurationIsVisible = 0;
			defaultConfigurationName = Release;
		};
/* End XCConfigurationList section */
	};
	rootObject = 68744B6A1E9C47B400E346AB /* Project object */;
}
