// !$*UTF8*$!
{
	archiveVersion = 1;
	classes = {
	};
	objectVersion = 46;
	objects = {

/* Begin PBXBuildFile section */
		68744B761E9C47B400E346AB /* AppDelegate.swift in Sources */ = {isa = PBXBuildFile; fileRef = 68744B751E9C47B400E346AB /* AppDelegate.swift */; };
		68744B781E9C47B400E346AB /* ViewController.swift in Sources */ = {isa = PBXBuildFile; fileRef = 68744B771E9C47B400E346AB /* ViewController.swift */; };
		68744B7B1E9C47B400E346AB /* Main.storyboard in Resources */ = {isa = PBXBuildFile; fileRef = 68744B791E9C47B400E346AB /* Main.storyboard */; };
		68744B7D1E9C47B400E346AB /* Assets.xcassets in Resources */ = {isa = PBXBuildFile; fileRef = 68744B7C1E9C47B400E346AB /* Assets.xcassets */; };
		68744B801E9C47B400E346AB /* LaunchScreen.storyboard in Resources */ = {isa = PBXBuildFile; fileRef = 68744B7E1E9C47B400E346AB /* LaunchScreen.storyboard */; };
/* End PBXBuildFile section */

/* Begin PBXFileReference section */
		68744B721E9C47B400E346AB /* Aluna.app */ = {isa = PBXFileReference; explicitFileType = wrapper.application; includeInIndex = 0; path = Aluna.app; sourceTree = BUILT_PRODUCTS_DIR; };
		68744B751E9C47B400E346AB /* AppDelegate.swift */ = {isa = PBXFileReference; lastKnownFileType = sourcecode.swift; path = AppDelegate.swift; sourceTree = "<group>"; };
		68744B771E9C47B400E346AB /* ViewController.swift */ = {isa = PBXFileReference; lastKnownFileType = sourcecode.swift; path = ViewController.swift; sourceTree = "<group>"; };
		68744B7A1E9C47B400E346AB /* Base */ = {isa = PBXFileReference; lastKnownFileType = file.storyboard; name = Base; path = Base.lproj/Main.storyboard; sourceTree = "<group>"; };
		68744B7C1E9C47B400E346AB /* Assets.xcassets */ = {isa = PBXFileReference; lastKnownFileType = folder.assetcatalog; path = Assets.xcassets; sourceTree = "<group>"; };
		68744B7F1E9C47B400E346AB /* Base */ = {isa = PBXFileReference; lastKnownFileType = file.storyboard; name = Base; path = Base.lproj/LaunchScreen.storyboard; sourceTree = "<group>"; };
		68744B811E9C47B400E346AB /* Info.plist */ = {isa = PBXFileReference; lastKnownFileType = text.plist.xml; path = Info.plist; sourceTree = "<group>"; };
/* End PBXFileReference section */

/* Begin PBXFrameworksBuildPhase section */
		68744B6F1E9C47B400E346AB /* Frameworks */ = {
			isa = PBXFrameworksBuildPhase;
			buildActionMask = 2147483647;
			files = (
			);
			runOnlyForDeploymentPostprocessing = 0;
		};
/* End PBXFrameworksBuildPhase section */

/* Begin PBXGroup section */
		68744B691E9C47B400E346AB = {
			isa = PBXGroup;
			children = (
				68744B741E9C47B400E346AB /* Aluna */,
				68744B731E9C47B400E346AB /* Products */,
			);
			sourceTree = "<group>";
		};
		68744B731E9C47B400E346AB /* Products */ = {
			isa = PBXGroup;
			children = (
				68744B721E9C47B400E346AB /* Aluna.app */,
			);
			name = Products;
			sourceTree = "<group>";
		};
		68744B741E9C47B400E346AB /* Aluna */ = {
			isa = PBXGroup;
			children = (
				68744B751E9C47B400E346AB /* AppDelegate.swift */,
				68744B771E9C47B400E346AB /* ViewController.swift */,
				68744B791E9C47B400E346AB /* Main.storyboard */,
				68744B7C1E9C47B400E346AB /* Assets.xcassets */,
				68744B7E1E9C47B400E346AB /* LaunchScreen.storyboard */,
				68744B811E9C47B400E346AB /* Info.plist */,
			);
			path = Aluna;
			sourceTree = "<group>";
		};
/* End PBXGroup section */

/* Begin PBXNativeTarget section */
		68744B711E9C47B400E346AB /* Aluna */ = {
			isa = PBXNativeTarget;
			buildConfigurationList = 68744B841E9C47B400E346AB /* Build configuration list for PBXNativeTarget "Aluna" */;
			buildPhases = (
				68744B6E1E9C47B400E346AB /* Sources */,
				68744B6F1E9C47B400E346AB /* Frameworks */,
				68744B701E9C47B400E346AB /* Resources */,
			);
			buildRules = (
			);
			dependencies = (
			);
			name = Aluna;
			productName = Aluna;
			productReference = 68744B721E9C47B400E346AB /* Aluna.app */;
			productType = "com.apple.product-type.application";
		};
/* End PBXNativeTarget section */

/* Begin PBXProject section */
		68744B6A1E9C47B400E346AB /* Project object */ = {
			isa = PBXProject;
			attributes = {
				LastSwiftUpdateCheck = 0830;
				LastUpgradeCheck = 0830;
				ORGANIZATIONNAME = Aluna;
				TargetAttributes = {
					68744B711E9C47B400E346AB = {
						CreatedOnToolsVersion = 8.3;
						DevelopmentTeam = TLAM246JYZ;
						ProvisioningStyle = Automatic;
					};
				};
			};
			buildConfigurationList = 68744B6D1E9C47B400E346AB /* Build configuration list for PBXProject "Aluna" */;
			compatibilityVersion = "Xcode 3.2";
			developmentRegion = English;
			hasScannedForEncodings = 0;
			knownRegions = (
				en,
				Base,
			);
			mainGroup = 68744B691E9C47B400E346AB;
			productRefGroup = 68744B731E9C47B400E346AB /* Products */;
			projectDirPath = "";
			projectRoot = "";
			targets = (
				68744B711E9C47B400E346AB /* Aluna */,
			);
		};
/* End PBXProject section */

/* Begin PBXResourcesBuildPhase section */
		68744B701E9C47B400E346AB /* Resources */ = {
			isa = PBXResourcesBuildPhase;
			buildActionMask = 2147483647;
			files = (
				68744B801E9C47B400E346AB /* LaunchScreen.storyboard in Resources */,
				68744B7D1E9C47B400E346AB /* Assets.xcassets in Resources */,
				68744B7B1E9C47B400E346AB /* Main.storyboard in Resources */,
			);
			runOnlyForDeploymentPostprocessing = 0;
		};
/* End PBXResourcesBuildPhase section */

/* Begin PBXSourcesBuildPhase section */
		68744B6E1E9C47B400E346AB /* Sources */ = {
			isa = PBXSourcesBuildPhase;
			buildActionMask = 2147483647;
			files = (
				68744B781E9C47B400E346AB /* ViewController.swift in Sources */,
				68744B761E9C47B400E346AB /* AppDelegate.swift in Sources */,
			);
			runOnlyForDeploymentPostprocessing = 0;
		};
/* End PBXSourcesBuildPhase section */

/* Begin PBXVariantGroup section */
		68744B791E9C47B400E346AB /* Main.storyboard */ = {
			isa = PBXVariantGroup;
			children = (
				68744B7A1E9C47B400E346AB /* Base */,
			);
			name = Main.storyboard;
			sourceTree = "<group>";
		};
		68744B7E1E9C47B400E346AB /* LaunchScreen.storyboard */ = {
			isa = PBXVariantGroup;
			children = (
				68744B7F1E9C47B400E346AB /* Base */,
			);
			name = LaunchScreen.storyboard;
			sourceTree = "<group>";
		};
/* End PBXVariantGroup section */

/* Begin XCBuildConfiguration section */
		68744B821E9C47B400E346AB /* Debug */ = {
			isa = XCBuildConfiguration;
			buildSettings = {
				ALWAYS_SEARCH_USER_PATHS = NO;
				CLANG_ANALYZER_NONNULL = YES;
				CLANG_ANALYZER_NUMBER_OBJECT_CONVERSION = YES_AGGRESSIVE;
				CLANG_CXX_LANGUAGE_STANDARD = "gnu++0x";
				CLANG_CXX_LIBRARY = "libc++";
				CLANG_ENABLE_MODULES = YES;
				CLANG_ENABLE_OBJC_ARC = YES;
				CLANG_WARN_BOOL_CONVERSION = YES;
				CLANG_WARN_CONSTANT_CONVERSION = YES;
				CLANG_WARN_DIRECT_OBJC_ISA_USAGE = YES_ERROR;
				CLANG_WARN_DOCUMENTATION_COMMENTS = YES;
				CLANG_WARN_EMPTY_BODY = YES;
				CLANG_WARN_ENUM_CONVERSION = YES;
				CLANG_WARN_INFINITE_RECURSION = YES;
				CLANG_WARN_INT_CONVERSION = YES;
				CLANG_WARN_OBJC_ROOT_CLASS = YES_ERROR;
				CLANG_WARN_SUSPICIOUS_MOVE = YES;
				CLANG_WARN_UNREACHABLE_CODE = YES;
				CLANG_WARN__DUPLICATE_METHOD_MATCH = YES;
				"CODE_SIGN_IDENTITY[sdk=iphoneos*]" = "iPhone Developer";
				COPY_PHASE_STRIP = NO;
				DEBUG_INFORMATION_FORMAT = dwarf;
				ENABLE_STRICT_OBJC_MSGSEND = YES;
				ENABLE_TESTABILITY = YES;
				GCC_C_LANGUAGE_STANDARD = gnu99;
				GCC_DYNAMIC_NO_PIC = NO;
				GCC_NO_COMMON_BLOCKS = YES;
				GCC_OPTIMIZATION_LEVEL = 0;
				GCC_PREPROCESSOR_DEFINITIONS = (
					"DEBUG=1",
					"$(inherited)",
				);
				GCC_WARN_64_TO_32_BIT_CONVERSION = YES;
				GCC_WARN_ABOUT_RETURN_TYPE = YES_ERROR;
				GCC_WARN_UNDECLARED_SELECTOR = YES;
				GCC_WARN_UNINITIALIZED_AUTOS = YES_AGGRESSIVE;
				GCC_WARN_UNUSED_FUNCTION = YES;
				GCC_WARN_UNUSED_VARIABLE = YES;
				IPHONEOS_DEPLOYMENT_TARGET = 10.3;
				MTL_ENABLE_DEBUG_INFO = YES;
				ONLY_ACTIVE_ARCH = YES;
				SDKROOT = iphoneos;
				SWIFT_ACTIVE_COMPILATION_CONDITIONS = DEBUG;
				SWIFT_OPTIMIZATION_LEVEL = "-Onone";
			};
			name = Debug;
		};
		68744B831E9C47B400E346AB /* Release */ = {
			isa = XCBuildConfiguration;
			buildSettings = {
				ALWAYS_SEARCH_USER_PATHS = NO;
				CLANG_ANALYZER_NONNULL = YES;
				CLANG_ANALYZER_NUMBER_OBJECT_CONVERSION = YES_AGGRESSIVE;
				CLANG_CXX_LANGUAGE_STANDARD = "gnu++0x";
				CLANG_CXX_LIBRARY = "libc++";
				CLANG_ENABLE_MODULES = YES;
				CLANG_ENABLE_OBJC_ARC = YES;
				CLANG_WARN_BOOL_CONVERSION = YES;
				CLANG_WARN_CONSTANT_CONVERSION = YES;
				CLANG_WARN_DIRECT_OBJC_ISA_USAGE = YES_ERROR;
				CLANG_WARN_DOCUMENTATION_COMMENTS = YES;
				CLANG_WARN_EMPTY_BODY = YES;
				CLANG_WARN_ENUM_CONVERSION = YES;
				CLANG_WARN_INFINITE_RECURSION = YES;
				CLANG_WARN_INT_CONVERSION = YES;
				CLANG_WARN_OBJC_ROOT_CLASS = YES_ERROR;
				CLANG_WARN_SUSPICIOUS_MOVE = YES;
				CLANG_WARN_UNREACHABLE_CODE = YES;
				CLANG_WARN__DUPLICATE_METHOD_MATCH = YES;
				"CODE_SIGN_IDENTITY[sdk=iphoneos*]" = "iPhone Developer";
				COPY_PHASE_STRIP = NO;
				DEBUG_INFORMATION_FORMAT = "dwarf-with-dsym";
				ENABLE_NS_ASSERTIONS = NO;
				ENABLE_STRICT_OBJC_MSGSEND = YES;
				GCC_C_LANGUAGE_STANDARD = gnu99;
				GCC_NO_COMMON_BLOCKS = YES;
				GCC_WARN_64_TO_32_BIT_CONVERSION = YES;
				GCC_WARN_ABOUT_RETURN_TYPE = YES_ERROR;
				GCC_WARN_UNDECLARED_SELECTOR = YES;
				GCC_WARN_UNINITIALIZED_AUTOS = YES_AGGRESSIVE;
				GCC_WARN_UNUSED_FUNCTION = YES;
				GCC_WARN_UNUSED_VARIABLE = YES;
				IPHONEOS_DEPLOYMENT_TARGET = 10.3;
				MTL_ENABLE_DEBUG_INFO = NO;
				SDKROOT = iphoneos;
				SWIFT_OPTIMIZATION_LEVEL = "-Owholemodule";
				VALIDATE_PRODUCT = YES;
			};
			name = Release;
		};
		68744B851E9C47B400E346AB /* Debug */ = {
			isa = XCBuildConfiguration;
			buildSettings = {
				ASSETCATALOG_COMPILER_APPICON_NAME = AppIcon;
				DEVELOPMENT_TEAM = TLAM246JYZ;
				INFOPLIST_FILE = Aluna/Info.plist;
				LD_RUNPATH_SEARCH_PATHS = "$(inherited) @executable_path/Frameworks";
				PRODUCT_BUNDLE_IDENTIFIER = com.example.Aluna;
				PRODUCT_NAME = "$(TARGET_NAME)";
				SWIFT_VERSION = 3.0;
			};
			name = Debug;
		};
		68744B861E9C47B400E346AB /* Release */ = {
			isa = XCBuildConfiguration;
			buildSettings = {
				ASSETCATALOG_COMPILER_APPICON_NAME = AppIcon;
				DEVELOPMENT_TEAM = TLAM246JYZ;
				INFOPLIST_FILE = Aluna/Info.plist;
				LD_RUNPATH_SEARCH_PATHS = "$(inherited) @executable_path/Frameworks";
				PRODUCT_BUNDLE_IDENTIFIER = com.example.Aluna;
				PRODUCT_NAME = "$(TARGET_NAME)";
				SWIFT_VERSION = 3.0;
			};
			name = Release;
		};
/* End XCBuildConfiguration section */

/* Begin XCConfigurationList section */
		68744B6D1E9C47B400E346AB /* Build configuration list for PBXProject "Aluna" */ = {
			isa = XCConfigurationList;
			buildConfigurations = (
				68744B821E9C47B400E346AB /* Debug */,
				68744B831E9C47B400E346AB /* Release */,
			);
			defaultConfigurationIsVisible = 0;
			defaultConfigurationName = Release;
		};
		68744B841E9C47B400E346AB /* Build configuration list for PBXNativeTarget "Aluna" */ = {
			isa = XCConfigurationList;
			buildConfigurations = (
				68744B851E9C47B400E346AB /* Debug */,
				68744B861E9C47B400E346AB /* Release */,
			);
			defaultConfigurationIsVisible = 0;
		};
/* End XCConfigurationList section */
	};
	rootObject = 68744B6A1E9C47B400E346AB /* Project object */;
}
